
Microsoft Visual Studio Solution File, Format Version 12.00
# Visual Studio Version 17
VisualStudioVersion = 17.5.002.0
MinimumVisualStudioVersion = 10.0.40219.1
Project("{2150E333-8FDC-42A3-9474-1A3956D46DE8}") = "ChallengeProject", "ChallengeProject", "{AB7FCBDB-E509-401E-9109-35458AE30738}"
EndProject
Project("{9A19103F-16F7-4668-BE54-9A1E7A4F7556}") = "Final", "ChallengeProject\Final\Final.csproj", "{1F595132-01BB-45D0-ACA4-DA208D1FB0D6}"
EndProject
Project("{9A19103F-16F7-4668-BE54-9A1E7A4F7556}") = "Starter", "ChallengeProject\Starter\Starter.csproj", "{2682DA7B-2563-4CCC-90CA-CE8ED21503A8}"
EndProject
Global
	GlobalSection(SolutionConfigurationPlatforms) = preSolution
		Debug|Any CPU = Debug|Any CPU
		Release|Any CPU = Release|Any CPU
	EndGlobalSection
	GlobalSection(ProjectConfigurationPlatforms) = postSolution
		{1F595132-01BB-45D0-ACA4-DA208D1FB0D6}.Debug|Any CPU.ActiveCfg = Debug|Any CPU
		{1F595132-01BB-45D0-ACA4-DA208D1FB0D6}.Debug|Any CPU.Build.0 = Debug|Any CPU
		{1F595132-01BB-45D0-ACA4-DA208D1FB0D6}.Release|Any CPU.ActiveCfg = Release|Any CPU
		{1F595132-01BB-45D0-ACA4-DA208D1FB0D6}.Release|Any CPU.Build.0 = Release|Any CPU
		{2682DA7B-2563-4CCC-90CA-CE8ED21503A8}.Debug|Any CPU.ActiveCfg = Debug|Any CPU
		{2682DA7B-2563-4CCC-90CA-CE8ED21503A8}.Debug|Any CPU.Build.0 = Debug|Any CPU
		{2682DA7B-2563-4CCC-90CA-CE8ED21503A8}.Release|Any CPU.ActiveCfg = Release|Any CPU
		{2682DA7B-2563-4CCC-90CA-CE8ED21503A8}.Release|Any CPU.Build.0 = Release|Any CPU
	EndGlobalSection
	GlobalSection(SolutionProperties) = preSolution
		HideSolutionNode = FALSE
	EndGlobalSection
	GlobalSection(NestedProjects) = preSolution
		{1F595132-01BB-45D0-ACA4-DA208D1FB0D6} = {AB7FCBDB-E509-401E-9109-35458AE30738}
		{2682DA7B-2563-4CCC-90CA-CE8ED21503A8} = {AB7FCBDB-E509-401E-9109-35458AE30738}
	EndGlobalSection
	GlobalSection(ExtensibilityGlobals) = postSolution
		SolutionGuid = {3E114F42-0FBF-4544-8CE3-25571AFD992C}
	EndGlobalSection
EndGlobal
